
Microsoft Visual Studio Solution File, Format Version 12.00
# Visual Studio Version 16
VisualStudioVersion = 16.0.33027.164
MinimumVisualStudioVersion = 10.0.40219.1
Project("{FAE04EC0-301F-11D3-BF4B-00C04F79EFBC}") = "health_care", "health_care.csproj", "{A7FA50CC-C764-4FE0-B2A8-59354833622C}"
EndProject
Project("{FAE04EC0-301F-11D3-BF4B-00C04F79EFBC}") = "WpfApp1", "..\WpfApp1\WpfApp1.csproj", "{EF63337A-5FA5-4C14-BDF3-AD74A40097A5}"
EndProject
Global
	GlobalSection(SolutionConfigurationPlatforms) = preSolution
		Debug|Any CPU = Debug|Any CPU
		Release|Any CPU = Release|Any CPU
	EndGlobalSection
	GlobalSection(ProjectConfigurationPlatforms) = postSolution
		{A7FA50CC-C764-4FE0-B2A8-59354833622C}.Debug|Any CPU.ActiveCfg = Debug|Any CPU
		{A7FA50CC-C764-4FE0-B2A8-59354833622C}.Debug|Any CPU.Build.0 = Debug|Any CPU
		{A7FA50CC-C764-4FE0-B2A8-59354833622C}.Release|Any CPU.ActiveCfg = Release|Any CPU
		{A7FA50CC-C764-4FE0-B2A8-59354833622C}.Release|Any CPU.Build.0 = Release|Any CPU
		{EF63337A-5FA5-4C14-BDF3-AD74A40097A5}.Debug|Any CPU.ActiveCfg = Debug|Any CPU
		{EF63337A-5FA5-4C14-BDF3-AD74A40097A5}.Debug|Any CPU.Build.0 = Debug|Any CPU
		{EF63337A-5FA5-4C14-BDF3-AD74A40097A5}.Release|Any CPU.ActiveCfg = Release|Any CPU
		{EF63337A-5FA5-4C14-BDF3-AD74A40097A5}.Release|Any CPU.Build.0 = Release|Any CPU
	EndGlobalSection
	GlobalSection(SolutionProperties) = preSolution
		HideSolutionNode = FALSE
	EndGlobalSection
	GlobalSection(ExtensibilityGlobals) = postSolution
		SolutionGuid = {EF02C4CF-AF43-4D83-BE4F-4ED0DB5834F3}
	EndGlobalSection
EndGlobal
